PODS:
  - AFNetworking (4.0.1):
    - AFNetworking/NSURLSession (= 4.0.1)
    - AFNetworking/Reachability (= 4.0.1)
    - AFNetworking/Security (= 4.0.1)
    - AFNetworking/Serialization (= 4.0.1)
    - AFNetworking/UIKit (= 4.0.1)
  - AFNetworking/NSURLSession (4.0.1):
    - AFNetworking/Reachability
    - AFNetworking/Security
    - AFNetworking/Serialization
  - AFNetworking/Reachability (4.0.1)
  - AFNetworking/Security (4.0.1)
  - AFNetworking/Serialization (4.0.1)
  - AFNetworking/UIKit (4.0.1):
    - AFNetworking/NSURLSession
  - JKSandBoxManager (0.1.6.9)

DEPENDENCIES:
  - AFNetworking
  - JKSandBoxManager

SPEC REPOS:
  trunk:
    - AFNetworking
    - JKSandBoxManager

SPEC CHECKSUMS:
  AFNetworking: 7864c38297c79aaca1500c33288e429c3451fdce
  JKSandBoxManager: a3d8039a5838113a57b0e8243bd4f6d6aa78032e

PODFILE CHECKSUM: 6f9478533cb9ca304ef431b295aa332dec0eae57

COCOAPODS: 1.9.0
